
Microsoft Visual Studio Solution File, Format Version 12.00
# Visual Studio Version 17
VisualStudioVersion = 17.14.36310.24 d17.14
MinimumVisualStudioVersion = 10.0.40219.1
Project("{FAE04EC0-301F-11D3-BF4B-00C04F79EFBC}") = "Vibekiller", "Vibekiller.csproj", "{631E4B5D-4ECF-4104-B6A2-885EAEE5A580}"
EndProject
Project("{FAE04EC0-301F-11D3-BF4B-00C04F79EFBC}") = "Vibekiller.Engine", "..\Vibekiller.Engine\Vibekiller.Engine.csproj", "{5D47BC05-6B70-46A0-ADEC-AB3B06A18A95}"
EndProject
Project("{FAE04EC0-301F-11D3-BF4B-00C04F79EFBC}") = "Vibekiller.Utility", "..\Vibekiller.Utility\Vibekiller.Utility.csproj", "{25553E48-C9CF-4BCE-8760-7453A645F57A}"
EndProject
Project("{FAE04EC0-301F-11D3-BF4B-00C04F79EFBC}") = "Vibekiller.Git", "..\Vibekiller.Git\Vibekiller.Git.csproj", "{17D47664-7603-4243-B805-428ECB8B9A04}"
EndProject
Project("{FAE04EC0-301F-11D3-BF4B-00C04F79EFBC}") = "Vibekiller.Inference", "..\Vibekiller.Inference\Vibekiller.Inference.csproj", "{BE762F10-1F81-47B0-B4F8-91BD9EBDC724}"
EndProject
Project("{FAE04EC0-301F-11D3-BF4B-00C04F79EFBC}") = "Vibekiller.Settings", "..\Vibekiller.Settings\Vibekiller.Settings.csproj", "{F626F7A2-2CC7-4147-AB5A-774056CFBEFE}"
EndProject
Global
	GlobalSection(SolutionConfigurationPlatforms) = preSolution
		Debug|Any CPU = Debug|Any CPU
		Release|Any CPU = Release|Any CPU
	EndGlobalSection
	GlobalSection(ProjectConfigurationPlatforms) = postSolution
		{631E4B5D-4ECF-4104-B6A2-885EAEE5A580}.Debug|Any CPU.ActiveCfg = Debug|Any CPU
		{631E4B5D-4ECF-4104-B6A2-885EAEE5A580}.Debug|Any CPU.Build.0 = Debug|Any CPU
		{631E4B5D-4ECF-4104-B6A2-885EAEE5A580}.Release|Any CPU.ActiveCfg = Release|Any CPU
		{631E4B5D-4ECF-4104-B6A2-885EAEE5A580}.Release|Any CPU.Build.0 = Release|Any CPU
		{5D47BC05-6B70-46A0-ADEC-AB3B06A18A95}.Debug|Any CPU.ActiveCfg = Debug|Any CPU
		{5D47BC05-6B70-46A0-ADEC-AB3B06A18A95}.Debug|Any CPU.Build.0 = Debug|Any CPU
		{5D47BC05-6B70-46A0-ADEC-AB3B06A18A95}.Release|Any CPU.ActiveCfg = Release|Any CPU
		{5D47BC05-6B70-46A0-ADEC-AB3B06A18A95}.Release|Any CPU.Build.0 = Release|Any CPU
		{25553E48-C9CF-4BCE-8760-7453A645F57A}.Debug|Any CPU.ActiveCfg = Debug|Any CPU
		{25553E48-C9CF-4BCE-8760-7453A645F57A}.Debug|Any CPU.Build.0 = Debug|Any CPU
		{25553E48-C9CF-4BCE-8760-7453A645F57A}.Release|Any CPU.ActiveCfg = Release|Any CPU
		{25553E48-C9CF-4BCE-8760-7453A645F57A}.Release|Any CPU.Build.0 = Release|Any CPU
		{17D47664-7603-4243-B805-428ECB8B9A04}.Debug|Any CPU.ActiveCfg = Debug|Any CPU
		{17D47664-7603-4243-B805-428ECB8B9A04}.Debug|Any CPU.Build.0 = Debug|Any CPU
		{17D47664-7603-4243-B805-428ECB8B9A04}.Release|Any CPU.ActiveCfg = Release|Any CPU
		{17D47664-7603-4243-B805-428ECB8B9A04}.Release|Any CPU.Build.0 = Release|Any CPU
		{BE762F10-1F81-47B0-B4F8-91BD9EBDC724}.Debug|Any CPU.ActiveCfg = Debug|Any CPU
		{BE762F10-1F81-47B0-B4F8-91BD9EBDC724}.Debug|Any CPU.Build.0 = Debug|Any CPU
		{BE762F10-1F81-47B0-B4F8-91BD9EBDC724}.Release|Any CPU.ActiveCfg = Release|Any CPU
		{BE762F10-1F81-47B0-B4F8-91BD9EBDC724}.Release|Any CPU.Build.0 = Release|Any CPU
		{F626F7A2-2CC7-4147-AB5A-774056CFBEFE}.Debug|Any CPU.ActiveCfg = Debug|Any CPU
		{F626F7A2-2CC7-4147-AB5A-774056CFBEFE}.Debug|Any CPU.Build.0 = Debug|Any CPU
		{F626F7A2-2CC7-4147-AB5A-774056CFBEFE}.Release|Any CPU.ActiveCfg = Release|Any CPU
		{F626F7A2-2CC7-4147-AB5A-774056CFBEFE}.Release|Any CPU.Build.0 = Release|Any CPU
	EndGlobalSection
	GlobalSection(SolutionProperties) = preSolution
		HideSolutionNode = FALSE
	EndGlobalSection
	GlobalSection(ExtensibilityGlobals) = postSolution
		SolutionGuid = {0E16993E-99F5-470D-BB69-FEFC47355BB2}
	EndGlobalSection
EndGlobal
